
Microsoft Visual Studio Solution File, Format Version 12.00
# Visual Studio 15
VisualStudioVersion = 15.0.25807.0
MinimumVisualStudioVersion = 10.0.40219.1
Project("{2150E333-8FDC-42A3-9474-1A3956D46DE8}") = "Engine", "Engine", "{81DD939E-FBB5-40B4-9709-CB53075CC339}"
EndProject
Project("{2150E333-8FDC-42A3-9474-1A3956D46DE8}") = "Games", "Games", "{68C01CF1-9A5A-44EE-90DA-B7B0C677EF33}"
EndProject
Project("{8BC9CEB8-8B4A-11D0-8D11-00A0C91BC942}") = "LUL2DSS", "Intermediate\ProjectFiles\LUL2DSS.vcxproj", "{5B7C001E-915A-46C3-856A-B9FF213B591E}"
EndProject
Project("{8BC9CEB8-8B4A-11D0-8D11-00A0C91BC942}") = "UE4", "Intermediate\ProjectFiles\UE4.vcxproj", "{E5AC6404-CCE4-44CA-B732-92B0A03B3659}"
EndProject
Project("{2150E333-8FDC-42A3-9474-1A3956D46DE8}") = "Visualizers", "Visualizers", "{F7F140CE-1659-455F-BD9C-C6629DDCDDDA}"
	ProjectSection(SolutionItems) = preProject
		..\..\..\UE_4.21\Engine\Extras\VisualStudioDebugging\UE4.natvis = ..\..\..\UE_4.21\Engine\Extras\VisualStudioDebugging\UE4.natvis
	EndProjectSection
EndProject
Global
	GlobalSection(SolutionConfigurationPlatforms) = preSolution
		DebugGame Editor|HTML5 = DebugGame Editor|HTML5
		DebugGame Editor|Win32 = DebugGame Editor|Win32
		DebugGame Editor|Win64 = DebugGame Editor|Win64
		DebugGame|HTML5 = DebugGame|HTML5
		DebugGame|Win32 = DebugGame|Win32
		DebugGame|Win64 = DebugGame|Win64
		Development Editor|HTML5 = Development Editor|HTML5
		Development Editor|Win32 = Development Editor|Win32
		Development Editor|Win64 = Development Editor|Win64
		Development|HTML5 = Development|HTML5
		Development|Win32 = Development|Win32
		Development|Win64 = Development|Win64
		Shipping|HTML5 = Shipping|HTML5
		Shipping|Win32 = Shipping|Win32
		Shipping|Win64 = Shipping|Win64
	EndGlobalSection
	GlobalSection(ProjectConfigurationPlatforms) = postSolution
		{5B7C001E-915A-46C3-856A-B9FF213B591E}.DebugGame Editor|HTML5.ActiveCfg = Invalid|Win32
		{5B7C001E-915A-46C3-856A-B9FF213B591E}.DebugGame Editor|Win32.ActiveCfg = Invalid|Win32
		{5B7C001E-915A-46C3-856A-B9FF213B591E}.DebugGame Editor|Win64.ActiveCfg = DebugGame_Editor|x64
		{5B7C001E-915A-46C3-856A-B9FF213B591E}.DebugGame Editor|Win64.Build.0 = DebugGame_Editor|x64
		{5B7C001E-915A-46C3-856A-B9FF213B591E}.DebugGame|HTML5.ActiveCfg = HTML5_DebugGame|Win32
		{5B7C001E-915A-46C3-856A-B9FF213B591E}.DebugGame|HTML5.Build.0 = HTML5_DebugGame|Win32
		{5B7C001E-915A-46C3-856A-B9FF213B591E}.DebugGame|Win32.ActiveCfg = DebugGame|Win32
		{5B7C001E-915A-46C3-856A-B9FF213B591E}.DebugGame|Win32.Build.0 = DebugGame|Win32
		{5B7C001E-915A-46C3-856A-B9FF213B591E}.DebugGame|Win64.ActiveCfg = DebugGame|x64
		{5B7C001E-915A-46C3-856A-B9FF213B591E}.DebugGame|Win64.Build.0 = DebugGame|x64
		{5B7C001E-915A-46C3-856A-B9FF213B591E}.Development Editor|HTML5.ActiveCfg = Invalid|Win32
		{5B7C001E-915A-46C3-856A-B9FF213B591E}.Development Editor|Win32.ActiveCfg = Invalid|Win32
		{5B7C001E-915A-46C3-856A-B9FF213B591E}.Development Editor|Win64.ActiveCfg = Development_Editor|x64
		{5B7C001E-915A-46C3-856A-B9FF213B591E}.Development Editor|Win64.Build.0 = Development_Editor|x64
		{5B7C001E-915A-46C3-856A-B9FF213B591E}.Development|HTML5.ActiveCfg = HTML5_Development|Win32
		{5B7C001E-915A-46C3-856A-B9FF213B591E}.Development|HTML5.Build.0 = HTML5_Development|Win32
		{5B7C001E-915A-46C3-856A-B9FF213B591E}.Development|Win32.ActiveCfg = Development|Win32
		{5B7C001E-915A-46C3-856A-B9FF213B591E}.Development|Win32.Build.0 = Development|Win32
		{5B7C001E-915A-46C3-856A-B9FF213B591E}.Development|Win64.ActiveCfg = Development|x64
		{5B7C001E-915A-46C3-856A-B9FF213B591E}.Development|Win64.Build.0 = Development|x64
		{5B7C001E-915A-46C3-856A-B9FF213B591E}.Shipping|HTML5.ActiveCfg = HTML5_Shipping|Win32
		{5B7C001E-915A-46C3-856A-B9FF213B591E}.Shipping|HTML5.Build.0 = HTML5_Shipping|Win32
		{5B7C001E-915A-46C3-856A-B9FF213B591E}.Shipping|Win32.ActiveCfg = Shipping|Win32
		{5B7C001E-915A-46C3-856A-B9FF213B591E}.Shipping|Win32.Build.0 = Shipping|Win32
		{5B7C001E-915A-46C3-856A-B9FF213B591E}.Shipping|Win64.ActiveCfg = Shipping|x64
		{5B7C001E-915A-46C3-856A-B9FF213B591E}.Shipping|Win64.Build.0 = Shipping|x64
		{E5AC6404-CCE4-44CA-B732-92B0A03B3659}.DebugGame Editor|HTML5.ActiveCfg = BuiltWithUnrealBuildTool|Win32
		{E5AC6404-CCE4-44CA-B732-92B0A03B3659}.DebugGame Editor|Win32.ActiveCfg = BuiltWithUnrealBuildTool|Win32
		{E5AC6404-CCE4-44CA-B732-92B0A03B3659}.DebugGame Editor|Win64.ActiveCfg = BuiltWithUnrealBuildTool|Win32
		{E5AC6404-CCE4-44CA-B732-92B0A03B3659}.DebugGame|HTML5.ActiveCfg = BuiltWithUnrealBuildTool|Win32
		{E5AC6404-CCE4-44CA-B732-92B0A03B3659}.DebugGame|Win32.ActiveCfg = BuiltWithUnrealBuildTool|Win32
		{E5AC6404-CCE4-44CA-B732-92B0A03B3659}.DebugGame|Win64.ActiveCfg = BuiltWithUnrealBuildTool|Win32
		{E5AC6404-CCE4-44CA-B732-92B0A03B3659}.Development Editor|HTML5.ActiveCfg = BuiltWithUnrealBuildTool|Win32
		{E5AC6404-CCE4-44CA-B732-92B0A03B3659}.Development Editor|Win32.ActiveCfg = BuiltWithUnrealBuildTool|Win32
		{E5AC6404-CCE4-44CA-B732-92B0A03B3659}.Development Editor|Win64.ActiveCfg = BuiltWithUnrealBuildTool|Win32
		{E5AC6404-CCE4-44CA-B732-92B0A03B3659}.Development|HTML5.ActiveCfg = BuiltWithUnrealBuildTool|Win32
		{E5AC6404-CCE4-44CA-B732-92B0A03B3659}.Development|Win32.ActiveCfg = BuiltWithUnrealBuildTool|Win32
		{E5AC6404-CCE4-44CA-B732-92B0A03B3659}.Development|Win64.ActiveCfg = BuiltWithUnrealBuildTool|Win32
		{E5AC6404-CCE4-44CA-B732-92B0A03B3659}.Shipping|HTML5.ActiveCfg = BuiltWithUnrealBuildTool|Win32
		{E5AC6404-CCE4-44CA-B732-92B0A03B3659}.Shipping|Win32.ActiveCfg = BuiltWithUnrealBuildTool|Win32
		{E5AC6404-CCE4-44CA-B732-92B0A03B3659}.Shipping|Win64.ActiveCfg = BuiltWithUnrealBuildTool|Win32
	EndGlobalSection
	GlobalSection(SolutionProperties) = preSolution
		HideSolutionNode = FALSE
	EndGlobalSection
	GlobalSection(NestedProjects) = preSolution
		{E5AC6404-CCE4-44CA-B732-92B0A03B3659} = {81DD939E-FBB5-40B4-9709-CB53075CC339}
		{5B7C001E-915A-46C3-856A-B9FF213B591E} = {68C01CF1-9A5A-44EE-90DA-B7B0C677EF33}
	EndGlobalSection
EndGlobal
